Microsoft Visual Studio Solution File, Format Version 12.00
# Visual Studio 2012
Project("{FAE04EC0-301F-11D3-BF4B-00C04F79EFBC}") = "Inventory Tutorial", "Inventory Tutorial.csproj", "{BBFA33A8-52F1-4971-92BD-25811EE5EBCD}"
EndProject
Global
	GlobalSection(SolutionConfigurationPlatforms) = preSolution
	Debug|Any CPU = Debug|Any CPU
	ExportDebug|Any CPU = ExportDebug|Any CPU
	ExportRelease|Any CPU = ExportRelease|Any CPU
	EndGlobalSection
	GlobalSection(ProjectConfigurationPlatforms) = postSolution
		{BBFA33A8-52F1-4971-92BD-25811EE5EBCD}.Debug|Any CPU.ActiveCfg = Debug|Any CPU
		{BBFA33A8-52F1-4971-92BD-25811EE5EBCD}.Debug|Any CPU.Build.0 = Debug|Any CPU
		{BBFA33A8-52F1-4971-92BD-25811EE5EBCD}.ExportDebug|Any CPU.ActiveCfg = ExportDebug|Any CPU
		{BBFA33A8-52F1-4971-92BD-25811EE5EBCD}.ExportDebug|Any CPU.Build.0 = ExportDebug|Any CPU
		{BBFA33A8-52F1-4971-92BD-25811EE5EBCD}.ExportRelease|Any CPU.ActiveCfg = ExportRelease|Any CPU
		{BBFA33A8-52F1-4971-92BD-25811EE5EBCD}.ExportRelease|Any CPU.Build.0 = ExportRelease|Any CPU
	EndGlobalSection
EndGlobal
